// !$*UTF8*$!
{
	archiveVersion = 1;
	classes = {
	};
	objectVersion = 46;
	objects = {

/* Begin PBXBuildFile section */
		1A463EA91E992AE100E5F025 /* main.m in Sources */ = {isa = PBXBuildFile; fileRef = 1A463EA81E992AE100E5F025 /* main.m */; };
		1A463EAC1E992AE100E5F025 /* AppDelegate.m in Sources */ = {isa = PBXBuildFile; fileRef = 1A463EAB1E992AE100E5F025 /* AppDelegate.m */; };
		1A463EAF1E992AE100E5F025 /* ViewController.m in Sources */ = {isa = PBXBuildFile; fileRef = 1A463EAE1E992AE100E5F025 /* ViewController.m */; };
		1A463EB21E992AE100E5F025 /* Main.storyboard in Resources */ = {isa = PBXBuildFile; fileRef = 1A463EB01E992AE100E5F025 /* Main.storyboard */; };
		1A463EB41E992AE100E5F025 /* Assets.xcassets in Resources */ = {isa = PBXBuildFile; fileRef = 1A463EB31E992AE100E5F025 /* Assets.xcassets */; };
		1A463EB71E992AE100E5F025 /* LaunchScreen.storyboard in Resources */ = {isa = PBXBuildFile; fileRef = 1A463EB51E992AE100E5F025 /* LaunchScreen.storyboard */; };
		1A9E9A411EABC2A100D24A3D /* ZCKit.framework in Frameworks */ = {isa = PBXBuildFile; fileRef = 1A463ED61E994E7700E5F025 /* ZCKit.framework */; };
		1A9E9A421EABC2A100D24A3D /* ZCKit.framework in Embed Frameworks */ = {isa = PBXBuildFile; fileRef = 1A463ED61E994E7700E5F025 /* ZCKit.framework */; settings = {ATTRIBUTES = (CodeSignOnCopy, RemoveHeadersOnCopy, ); }; };
		1AA4C7E01EB38B24003D1CE7 /* ScannerViewController.m in Sources */ = {isa = PBXBuildFile; fileRef = 1AA4C7DF1EB38B24003D1CE7 /* ScannerViewController.m */; };
/* End PBXBuildFile section */

/* Begin PBXCopyFilesBuildPhase section */
		1A9E9A431EABC2A100D24A3D /* Embed Frameworks */ = {
			isa = PBXCopyFilesBuildPhase;
			buildActionMask = 2147483647;
			dstPath = "";
			dstSubfolderSpec = 10;
			files = (
				1A9E9A421EABC2A100D24A3D /* ZCKit.framework in Embed Frameworks */,
			);
			name = "Embed Frameworks";
			runOnlyForDeploymentPostprocessing = 0;
		};
/* End PBXCopyFilesBuildPhase section */

/* Begin PBXFileReference section */
		1A463EA41E992AE100E5F025 /* ZCKitDemo.app */ = {isa = PBXFileReference; explicitFileType = wrapper.application; includeInIndex = 0; path = ZCKitDemo.app; sourceTree = BUILT_PRODUCTS_DIR; };
		1A463EA81E992AE100E5F025 /* main.m */ = {isa = PBXFileReference; lastKnownFileType = sourcecode.c.objc; path = main.m; sourceTree = "<group>"; };
		1A463EAA1E992AE100E5F025 /* AppDelegate.h */ = {isa = PBXFileReference; lastKnownFileType = sourcecode.c.h; path = AppDelegate.h; sourceTree = "<group>"; };
		1A463EAB1E992AE100E5F025 /* AppDelegate.m */ = {isa = PBXFileReference; lastKnownFileType = sourcecode.c.objc; path = AppDelegate.m; sourceTree = "<group>"; };
		1A463EAD1E992AE100E5F025 /* ViewController.h */ = {isa = PBXFileReference; lastKnownFileType = sourcecode.c.h; path = ViewController.h; sourceTree = "<group>"; };
		1A463EAE1E992AE100E5F025 /* ViewController.m */ = {isa = PBXFileReference; lastKnownFileType = sourcecode.c.objc; path = ViewController.m; sourceTree = "<group>"; };
		1A463EB11E992AE100E5F025 /* Base */ = {isa = PBXFileReference; lastKnownFileType = file.storyboard; name = Base; path = Base.lproj/Main.storyboard; sourceTree = "<group>"; };
		1A463EB31E992AE100E5F025 /* Assets.xcassets */ = {isa = PBXFileReference; lastKnownFileType = folder.assetcatalog; path = Assets.xcassets; sourceTree = "<group>"; };
		1A463EB61E992AE100E5F025 /* Base */ = {isa = PBXFileReference; lastKnownFileType = file.storyboard; name = Base; path = Base.lproj/LaunchScreen.storyboard; sourceTree = "<group>"; };
		1A463EB81E992AE100E5F025 /* Info.plist */ = {isa = PBXFileReference; lastKnownFileType = text.plist.xml; path = Info.plist; sourceTree = "<group>"; };
		1A463ED61E994E7700E5F025 /* ZCKit.framework */ = {isa = PBXFileReference; lastKnownFileType = wrapper.framework; name = ZCKit.framework; path = ../../Products/ZCKit.framework; sourceTree = "<group>"; };
		1A9E9A3C1EABC26300D24A3D /* ZCKit.framework */ = {isa = PBXFileReference; lastKnownFileType = wrapper.framework; name = ZCKit.framework; path = "../build/Debug-iphoneos/ZCKit.framework"; sourceTree = "<group>"; };
		1AA4C7DE1EB38B24003D1CE7 /* ScannerViewController.h */ = {isa = PBXFileReference; fileEncoding = 4; lastKnownFileType = sourcecode.c.h; path = ScannerViewController.h; sourceTree = "<group>"; };
		1AA4C7DF1EB38B24003D1CE7 /* ScannerViewController.m */ = {isa = PBXFileReference; fileEncoding = 4; lastKnownFileType = sourcecode.c.objc; path = ScannerViewController.m; sourceTree = "<group>"; };
/* End PBXFileReference section */

/* Begin PBXFrameworksBuildPhase section */
		1A463EA11E992AE100E5F025 /* Frameworks */ = {
			isa = PBXFrameworksBuildPhase;
			buildActionMask = 2147483647;
			files = (
				1A9E9A411EABC2A100D24A3D /* ZCKit.framework in Frameworks */,
			);
			runOnlyForDeploymentPostprocessing = 0;
		};
/* End PBXFrameworksBuildPhase section */

/* Begin PBXGroup section */
		1A463E9B1E992AE100E5F025 = {
			isa = PBXGroup;
			children = (
				1A463EA61E992AE100E5F025 /* ZCKitDemo */,
				1A463EA51E992AE100E5F025 /* Products */,
				1A9E9A3B1EABC26300D24A3D /* Frameworks */,
			);
			sourceTree = "<group>";
		};
		1A463EA51E992AE100E5F025 /* Products */ = {
			isa = PBXGroup;
			children = (
				1A463EA41E992AE100E5F025 /* ZCKitDemo.app */,
			);
			name = Products;
			sourceTree = "<group>";
		};
		1A463EA61E992AE100E5F025 /* ZCKitDemo */ = {
			isa = PBXGroup;
			children = (
				1A463EAA1E992AE100E5F025 /* AppDelegate.h */,
				1A463EAB1E992AE100E5F025 /* AppDelegate.m */,
				1A463EAD1E992AE100E5F025 /* ViewController.h */,
				1A463EAE1E992AE100E5F025 /* ViewController.m */,
				1AA4C7DE1EB38B24003D1CE7 /* ScannerViewController.h */,
				1AA4C7DF1EB38B24003D1CE7 /* ScannerViewController.m */,
				1A463EB01E992AE100E5F025 /* Main.storyboard */,
				1A463EB31E992AE100E5F025 /* Assets.xcassets */,
				1A463EB51E992AE100E5F025 /* LaunchScreen.storyboard */,
				1A463EB81E992AE100E5F025 /* Info.plist */,
				1A463EBE1E992CE000E5F025 /* Framework */,
				1A463EA71E992AE100E5F025 /* Supporting Files */,
			);
			path = ZCKitDemo;
			sourceTree = "<group>";
		};
		1A463EA71E992AE100E5F025 /* Supporting Files */ = {
			isa = PBXGroup;
			children = (
				1A463EA81E992AE100E5F025 /* main.m */,
			);
			name = "Supporting Files";
			sourceTree = "<group>";
		};
		1A463EBE1E992CE000E5F025 /* Framework */ = {
			isa = PBXGroup;
			children = (
				1A463ED61E994E7700E5F025 /* ZCKit.framework */,
			);
			name = Framework;
			sourceTree = "<group>";
		};
		1A9E9A3B1EABC26300D24A3D /* Frameworks */ = {
			isa = PBXGroup;
			children = (
				1A9E9A3C1EABC26300D24A3D /* ZCKit.framework */,
			);
			name = Frameworks;
			sourceTree = "<group>";
		};
/* End PBXGroup section */

/* Begin PBXNativeTarget section */
		1A463EA31E992AE100E5F025 /* ZCKitDemo */ = {
			isa = PBXNativeTarget;
			buildConfigurationList = 1A463EBB1E992AE100E5F025 /* Build configuration list for PBXNativeTarget "ZCKitDemo" */;
			buildPhases = (
				1A463EA01E992AE100E5F025 /* Sources */,
				1A463EA11E992AE100E5F025 /* Frameworks */,
				1A463EA21E992AE100E5F025 /* Resources */,
				1A9E9A431EABC2A100D24A3D /* Embed Frameworks */,
			);
			buildRules = (
			);
			dependencies = (
			);
			name = ZCKitDemo;
			productName = ZCKitDemo;
			productReference = 1A463EA41E992AE100E5F025 /* ZCKitDemo.app */;
			productType = "com.apple.product-type.application";
		};
/* End PBXNativeTarget section */

/* Begin PBXProject section */
		1A463E9C1E992AE100E5F025 /* Project object */ = {
			isa = PBXProject;
			attributes = {
				LastUpgradeCheck = 0830;
				ORGANIZATIONNAME = Zcoder;
				TargetAttributes = {
					1A463EA31E992AE100E5F025 = {
						CreatedOnToolsVersion = 8.3;
						DevelopmentTeam = 8LM9AMKE5Y;
						ProvisioningStyle = Automatic;
					};
				};
			};
			buildConfigurationList = 1A463E9F1E992AE100E5F025 /* Build configuration list for PBXProject "ZCKitDemo" */;
			compatibilityVersion = "Xcode 3.2";
			developmentRegion = English;
			hasScannedForEncodings = 0;
			knownRegions = (
				en,
				Base,
			);
			mainGroup = 1A463E9B1E992AE100E5F025;
			productRefGroup = 1A463EA51E992AE100E5F025 /* Products */;
			projectDirPath = "";
			projectRoot = "";
			targets = (
				1A463EA31E992AE100E5F025 /* ZCKitDemo */,
			);
		};
/* End PBXProject section */

/* Begin PBXResourcesBuildPhase section */
		1A463EA21E992AE100E5F025 /* Resources */ = {
			isa = PBXResourcesBuildPhase;
			buildActionMask = 2147483647;
			files = (
				1A463EB71E992AE100E5F025 /* LaunchScreen.storyboard in Resources */,
				1A463EB41E992AE100E5F025 /* Assets.xcassets in Resources */,
				1A463EB21E992AE100E5F025 /* Main.storyboard in Resources */,
			);
			runOnlyForDeploymentPostprocessing = 0;
		};
/* End PBXResourcesBuildPhase section */

/* Begin PBXSourcesBuildPhase section */
		1A463EA01E992AE100E5F025 /* Sources */ = {
			isa = PBXSourcesBuildPhase;
			buildActionMask = 2147483647;
			files = (
				1A463EAF1E992AE100E5F025 /* ViewController.m in Sources */,
				1A463EAC1E992AE100E5F025 /* AppDelegate.m in Sources */,
				1A463EA91E992AE100E5F025 /* main.m in Sources */,
				1AA4C7E01EB38B24003D1CE7 /* ScannerViewController.m in Sources */,
			);
			runOnlyForDeploymentPostprocessing = 0;
		};
/* End PBXSourcesBuildPhase section */

/* Begin PBXVariantGroup section */
		1A463EB01E992AE100E5F025 /* Main.storyboard */ = {
			isa = PBXVariantGroup;
			children = (
				1A463EB11E992AE100E5F025 /* Base */,
			);
			name = Main.storyboard;
			sourceTree = "<group>";
		};
		1A463EB51E992AE100E5F025 /* LaunchScreen.storyboard */ = {
			isa = PBXVariantGroup;
			children = (
				1A463EB61E992AE100E5F025 /* Base */,
			);
			name = LaunchScreen.storyboard;
			sourceTree = "<group>";
		};
/* End PBXVariantGroup section */

/* Begin XCBuildConfiguration section */
		1A463EB91E992AE100E5F025 /* Debug */ = {
			isa = XCBuildConfiguration;
			buildSettings = {
				ALWAYS_SEARCH_USER_PATHS = NO;
				CLANG_ANALYZER_NONNULL = YES;
				CLANG_ANALYZER_NUMBER_OBJECT_CONVERSION = YES_AGGRESSIVE;
				CLANG_CXX_LANGUAGE_STANDARD = "gnu++0x";
				CLANG_CXX_LIBRARY = "libc++";
				CLANG_ENABLE_MODULES = YES;
				CLANG_ENABLE_OBJC_ARC = YES;
				CLANG_WARN_BOOL_CONVERSION = YES;
				CLANG_WARN_CONSTANT_CONVERSION = YES;
				CLANG_WARN_DIRECT_OBJC_ISA_USAGE = YES_ERROR;
				CLANG_WARN_DOCUMENTATION_COMMENTS = YES;
				CLANG_WARN_EMPTY_BODY = YES;
				CLANG_WARN_ENUM_CONVERSION = YES;
				CLANG_WARN_INFINITE_RECURSION = YES;
				CLANG_WARN_INT_CONVERSION = YES;
				CLANG_WARN_OBJC_ROOT_CLASS = YES_ERROR;
				CLANG_WARN_SUSPICIOUS_MOVE = YES;
				CLANG_WARN_UNREACHABLE_CODE = YES;
				CLANG_WARN__DUPLICATE_METHOD_MATCH = YES;
				"CODE_SIGN_IDENTITY[sdk=iphoneos*]" = "iPhone Developer";
				COPY_PHASE_STRIP = NO;
				DEBUG_INFORMATION_FORMAT = dwarf;
				ENABLE_STRICT_OBJC_MSGSEND = YES;
				ENABLE_TESTABILITY = YES;
				GCC_C_LANGUAGE_STANDARD = gnu99;
				GCC_DYNAMIC_NO_PIC = NO;
				GCC_NO_COMMON_BLOCKS = YES;
				GCC_OPTIMIZATION_LEVEL = 0;
				GCC_PREPROCESSOR_DEFINITIONS = (
					"DEBUG=1",
					"$(inherited)",
				);
				GCC_WARN_64_TO_32_BIT_CONVERSION = YES;
				GCC_WARN_ABOUT_RETURN_TYPE = YES_ERROR;
				GCC_WARN_UNDECLARED_SELECTOR = YES;
				GCC_WARN_UNINITIALIZED_AUTOS = YES_AGGRESSIVE;
				GCC_WARN_UNUSED_FUNCTION = YES;
				GCC_WARN_UNUSED_VARIABLE = YES;
				IPHONEOS_DEPLOYMENT_TARGET = 8.0;
				MTL_ENABLE_DEBUG_INFO = YES;
				ONLY_ACTIVE_ARCH = YES;
				SDKROOT = iphoneos;
			};
			name = Debug;
		};
		1A463EBA1E992AE100E5F025 /* Release */ = {
			isa = XCBuildConfiguration;
			buildSettings = {
				ALWAYS_SEARCH_USER_PATHS = NO;
				CLANG_ANALYZER_NONNULL = YES;
				CLANG_ANALYZER_NUMBER_OBJECT_CONVERSION = YES_AGGRESSIVE;
				CLANG_CXX_LANGUAGE_STANDARD = "gnu++0x";
				CLANG_CXX_LIBRARY = "libc++";
				CLANG_ENABLE_MODULES = YES;
				CLANG_ENABLE_OBJC_ARC = YES;
				CLANG_WARN_BOOL_CONVERSION = YES;
				CLANG_WARN_CONSTANT_CONVERSION = YES;
				CLANG_WARN_DIRECT_OBJC_ISA_USAGE = YES_ERROR;
				CLANG_WARN_DOCUMENTATION_COMMENTS = YES;
				CLANG_WARN_EMPTY_BODY = YES;
				CLANG_WARN_ENUM_CONVERSION = YES;
				CLANG_WARN_INFINITE_RECURSION = YES;
				CLANG_WARN_INT_CONVERSION = YES;
				CLANG_WARN_OBJC_ROOT_CLASS = YES_ERROR;
				CLANG_WARN_SUSPICIOUS_MOVE = YES;
				CLANG_WARN_UNREACHABLE_CODE = YES;
				CLANG_WARN__DUPLICATE_METHOD_MATCH = YES;
				"CODE_SIGN_IDENTITY[sdk=iphoneos*]" = "iPhone Developer";
				COPY_PHASE_STRIP = NO;
				DEBUG_INFORMATION_FORMAT = "dwarf-with-dsym";
				ENABLE_NS_ASSERTIONS = NO;
				ENABLE_STRICT_OBJC_MSGSEND = YES;
				GCC_C_LANGUAGE_STANDARD = gnu99;
				GCC_NO_COMMON_BLOCKS = YES;
				GCC_WARN_64_TO_32_BIT_CONVERSION = YES;
				GCC_WARN_ABOUT_RETURN_TYPE = YES_ERROR;
				GCC_WARN_UNDECLARED_SELECTOR = YES;
				GCC_WARN_UNINITIALIZED_AUTOS = YES_AGGRESSIVE;
				GCC_WARN_UNUSED_FUNCTION = YES;
				GCC_WARN_UNUSED_VARIABLE = YES;
				IPHONEOS_DEPLOYMENT_TARGET = 8.0;
				MTL_ENABLE_DEBUG_INFO = NO;
				SDKROOT = iphoneos;
				VALIDATE_PRODUCT = YES;
			};
			name = Release;
		};
		1A463EBC1E992AE100E5F025 /* Debug */ = {
			isa = XCBuildConfiguration;
			buildSettings = {
				ARCHS = "$(ARCHS_STANDARD)";
				ASSETCATALOG_COMPILER_APPICON_NAME = AppIcon;
				DEVELOPMENT_TEAM = 8LM9AMKE5Y;
				FRAMEWORK_SEARCH_PATHS = (
					"$(inherited)",
					"$(PROJECT_DIR)/ZCKitDemo",
					"$(PROJECT_DIR)/../Products",
				);
				INFOPLIST_FILE = ZCKitDemo/Info.plist;
				IPHONEOS_DEPLOYMENT_TARGET = 8.0;
				LD_RUNPATH_SEARCH_PATHS = "$(inherited) @executable_path/Frameworks";
				OTHER_LDFLAGS = "-ObjC";
				PRODUCT_BUNDLE_IDENTIFIER = com.cusen.ZCKitDemo;
				PRODUCT_NAME = "$(TARGET_NAME)";
			};
			name = Debug;
		};
		1A463EBD1E992AE100E5F025 /* Release */ = {
			isa = XCBuildConfiguration;
			buildSettings = {
				ARCHS = "$(ARCHS_STANDARD)";
				ASSETCATALOG_COMPILER_APPICON_NAME = AppIcon;
				DEVELOPMENT_TEAM = 8LM9AMKE5Y;
				FRAMEWORK_SEARCH_PATHS = (
					"$(inherited)",
					"$(PROJECT_DIR)/ZCKitDemo",
					"$(PROJECT_DIR)/../Products",
				);
				INFOPLIST_FILE = ZCKitDemo/Info.plist;
				IPHONEOS_DEPLOYMENT_TARGET = 8.0;
				LD_RUNPATH_SEARCH_PATHS = "$(inherited) @executable_path/Frameworks";
				OTHER_LDFLAGS = "-ObjC";
				PRODUCT_BUNDLE_IDENTIFIER = com.cusen.ZCKitDemo;
				PRODUCT_NAME = "$(TARGET_NAME)";
			};
			name = Release;
		};
/* End XCBuildConfiguration section */

/* Begin XCConfigurationList section */
		1A463E9F1E992AE100E5F025 /* Build configuration list for PBXProject "ZCKitDemo" */ = {
			isa = XCConfigurationList;
			buildConfigurations = (
				1A463EB91E992AE100E5F025 /* Debug */,
				1A463EBA1E992AE100E5F025 /* Release */,
			);
			defaultConfigurationIsVisible = 0;
			defaultConfigurationName = Release;
		};
		1A463EBB1E992AE100E5F025 /* Build configuration list for PBXNativeTarget "ZCKitDemo" */ = {
			isa = XCConfigurationList;
			buildConfigurations = (
				1A463EBC1E992AE100E5F025 /* Debug */,
				1A463EBD1E992AE100E5F025 /* Release */,
			);
			defaultConfigurationIsVisible = 0;
			defaultConfigurationName = Release;
		};
/* End XCConfigurationList section */
	};
	rootObject = 1A463E9C1E992AE100E5F025 /* Project object */;
}
